
Microsoft Visual Studio Solution File, Format Version 12.00
# Visual Studio 14
VisualStudioVersion = 14.0.25123.0
MinimumVisualStudioVersion = 10.0.40219.1
Project("{FAE04EC0-301F-11D3-BF4B-00C04F79EFBC}") = "LS_Designer_WPF", "LS_Designer_WPF\LS_Designer_WPF.csproj", "{F994437C-1852-4ABF-B108-9422231DA9A1}"
EndProject
Project("{FAE04EC0-301F-11D3-BF4B-00C04F79EFBC}") = "EFData", "EFData\EFData.csproj", "{8AA9FD1B-3F18-498F-AF33-0696781F33C0}"
EndProject
Project("{D954291E-2A0B-460D-934E-DC6B0785DB48}") = "Model", "Model\Model.shproj", "{608D7607-3B9D-45D1-A1CA-05F110866515}"
EndProject
Global
	GlobalSection(SharedMSBuildProjectFiles) = preSolution
		Model\Model.projitems*{608d7607-3b9d-45d1-a1ca-05f110866515}*SharedItemsImports = 13
	EndGlobalSection
	GlobalSection(SolutionConfigurationPlatforms) = preSolution
		Debug|Any CPU = Debug|Any CPU
		Release|Any CPU = Release|Any CPU
	EndGlobalSection
	GlobalSection(ProjectConfigurationPlatforms) = postSolution
		{F994437C-1852-4ABF-B108-9422231DA9A1}.Debug|Any CPU.ActiveCfg = Debug|Any CPU
		{F994437C-1852-4ABF-B108-9422231DA9A1}.Debug|Any CPU.Build.0 = Debug|Any CPU
		{F994437C-1852-4ABF-B108-9422231DA9A1}.Release|Any CPU.ActiveCfg = Release|Any CPU
		{F994437C-1852-4ABF-B108-9422231DA9A1}.Release|Any CPU.Build.0 = Release|Any CPU
		{8AA9FD1B-3F18-498F-AF33-0696781F33C0}.Debug|Any CPU.ActiveCfg = Debug|Any CPU
		{8AA9FD1B-3F18-498F-AF33-0696781F33C0}.Debug|Any CPU.Build.0 = Debug|Any CPU
		{8AA9FD1B-3F18-498F-AF33-0696781F33C0}.Release|Any CPU.ActiveCfg = Release|Any CPU
		{8AA9FD1B-3F18-498F-AF33-0696781F33C0}.Release|Any CPU.Build.0 = Release|Any CPU
	EndGlobalSection
	GlobalSection(SolutionProperties) = preSolution
		HideSolutionNode = FALSE
	EndGlobalSection
EndGlobal
