
Microsoft Visual Studio Solution File, Format Version 12.00
# Visual Studio 14
VisualStudioVersion = 14.0.25420.1
MinimumVisualStudioVersion = 10.0.40219.1
Project("{FAE04EC0-301F-11D3-BF4B-00C04F79EFBC}") = "PatternEffect", "PatternEffect\PatternEffect.csproj", "{7512132C-7646-4745-8CEA-0FEFD65F33B2}"
EndProject
Project("{FAE04EC0-301F-11D3-BF4B-00C04F79EFBC}") = "CustomControls", "CustomControls\CustomControls.csproj", "{686D50D2-110D-4E3E-8687-9020035232EA}"
EndProject
Project("{FAE04EC0-301F-11D3-BF4B-00C04F79EFBC}") = "LS_Library", "LS_Library\LS_Library.csproj", "{A8E86196-447F-454D-8FB4-FAAF0087C83B}"
EndProject
Global
	GlobalSection(SolutionConfigurationPlatforms) = preSolution
		Debug|Any CPU = Debug|Any CPU
		Release|Any CPU = Release|Any CPU
	EndGlobalSection
	GlobalSection(ProjectConfigurationPlatforms) = postSolution
		{7512132C-7646-4745-8CEA-0FEFD65F33B2}.Debug|Any CPU.ActiveCfg = Debug|Any CPU
		{7512132C-7646-4745-8CEA-0FEFD65F33B2}.Debug|Any CPU.Build.0 = Debug|Any CPU
		{7512132C-7646-4745-8CEA-0FEFD65F33B2}.Release|Any CPU.ActiveCfg = Release|Any CPU
		{7512132C-7646-4745-8CEA-0FEFD65F33B2}.Release|Any CPU.Build.0 = Release|Any CPU
		{686D50D2-110D-4E3E-8687-9020035232EA}.Debug|Any CPU.ActiveCfg = Debug|Any CPU
		{686D50D2-110D-4E3E-8687-9020035232EA}.Debug|Any CPU.Build.0 = Debug|Any CPU
		{686D50D2-110D-4E3E-8687-9020035232EA}.Release|Any CPU.ActiveCfg = Release|Any CPU
		{686D50D2-110D-4E3E-8687-9020035232EA}.Release|Any CPU.Build.0 = Release|Any CPU
		{A8E86196-447F-454D-8FB4-FAAF0087C83B}.Debug|Any CPU.ActiveCfg = Debug|Any CPU
		{A8E86196-447F-454D-8FB4-FAAF0087C83B}.Debug|Any CPU.Build.0 = Debug|Any CPU
		{A8E86196-447F-454D-8FB4-FAAF0087C83B}.Release|Any CPU.ActiveCfg = Release|Any CPU
		{A8E86196-447F-454D-8FB4-FAAF0087C83B}.Release|Any CPU.Build.0 = Release|Any CPU
	EndGlobalSection
	GlobalSection(SolutionProperties) = preSolution
		HideSolutionNode = FALSE
	EndGlobalSection
EndGlobal
